<?xml version="1.0" encoding="utf-8"?>
<Project ToolsVersion="4.0" xmlns="http://schemas.microsoft.com/developer/msbuild/2003">
  <ItemGroup>
    <Filter Include="Source Files">
      <UniqueIdentifier>{4FC737F1-C7A5-4376-A066-2A32D752A2FF}</UniqueIdentifier>
      <Extensions>cpp;c;cc;cxx;def;odl;idl;hpj;bat;asm;asmx</Extensions>
    </Filter>
    <Filter Include="Header Files">
      <UniqueIdentifier>{93995380-89BD-4b04-88EB-625FBE52EBFB}</UniqueIdentifier>
      <Extensions>h;hh;hpp;hxx;hm;inl;inc;ipp;xsd</Extensions>
    </Filter>
    <Filter Include="Resource Files">
      <UniqueIdentifier>{67DA6AB6-F800-4c08-8B7A-83BB121AAD01}</UniqueIdentifier>
      <Extensions>rc;ico;cur;bmp;dlg;rc2;rct;bin;rgs;gif;jpg;jpeg;jpe;resx;tiff;tif;png;wav;mfcribbon-ms</Extensions>
    </Filter>
    <Filter Include="Source Files\GameState">
      <UniqueIdentifier>{86ca2f35-3f65-4e1f-a0fa-3cbf137fc989}</UniqueIdentifier>
    </Filter>
    <Filter Include="Header Files\GameState">
      <UniqueIdentifier>{c5fcc4ad-bdc3-4280-8290-dfd3607ac93a}</UniqueIdentifier>
    </Filter>
    <Filter Include="Header Files\Effect">
      <UniqueIdentifier>{16e1be5e-aa99-40a4-9bd0-8b66ca0a7331}</UniqueIdentifier>
    </Filter>
    <Filter Include="Header Files\Effect\Button">
      <UniqueIdentifier>{3a63aa69-ff33-4022-8872-8e4503fc35b0}</UniqueIdentifier>
    </Filter>
    <Filter Include="Source Files\Effect">
      <UniqueIdentifier>{d1eb017f-eb52-4f8f-ae95-f1b837a736fc}</UniqueIdentifier>
    </Filter>
    <Filter Include="Source Files\Effect\Button">
      <UniqueIdentifier>{88854956-fbd8-4e5e-b697-2bf31cc2a3c8}</UniqueIdentifier>
    </Filter>
    <Filter Include="Source Files\Main">
      <UniqueIdentifier>{a77e65b9-5ab9-4e1a-ad8e-ae03c8a4212a}</UniqueIdentifier>
    </Filter>
    <Filter Include="Source Files\Other">
      <UniqueIdentifier>{70749561-bee2-4874-830a-0cf1c749d8a4}</UniqueIdentifier>
    </Filter>
    <Filter Include="Header Files\Main">
      <UniqueIdentifier>{6fcbefe5-72bf-4419-b27c-87993e9bb30f}</UniqueIdentifier>
    </Filter>
    <Filter Include="Header Files\Other">
      <UniqueIdentifier>{e74dfbd2-8674-496b-9a8d-d86406be4c19}</UniqueIdentifier>
    </Filter>
    <Filter Include="Header Files\Script">
      <UniqueIdentifier>{cdc19c27-7d1c-471a-9de9-862b246199d3}</UniqueIdentifier>
    </Filter>
    <Filter Include="Source Files\Script">
      <UniqueIdentifier>{c645c006-eb13-436e-9785-35ca5d30518e}</UniqueIdentifier>
    </Filter>
    <Filter Include="Header Files\Effect\Fade">
      <UniqueIdentifier>{2832e5c9-e655-43cd-92f2-0462dd9de28d}</UniqueIdentifier>
    </Filter>
    <Filter Include="Source Files\Effect\Fade">
      <UniqueIdentifier>{ddd441c6-cf4b-461f-8409-8e791d0edb3f}</UniqueIdentifier>
    </Filter>
    <Filter Include="Header Files\Script\ScriptCommands">
      <UniqueIdentifier>{b10e3f45-a5d0-4a09-96ba-9ae2506448ac}</UniqueIdentifier>
    </Filter>
    <Filter Include="Source Files\Script\ScriptCommands">
      <UniqueIdentifier>{75c0280e-ad57-4515-9866-641272bdd49f}</UniqueIdentifier>
    </Filter>
    <Filter Include="Header Files\Script\ItemImage">
      <UniqueIdentifier>{845ac392-689e-46ef-b787-fb061f568a48}</UniqueIdentifier>
    </Filter>
    <Filter Include="Source Files\Script\ItemImage">
      <UniqueIdentifier>{141f4a95-7b42-4f68-bc00-60acce7b0a03}</UniqueIdentifier>
    </Filter>
  </ItemGroup>
  <ItemGroup>
    <ClCompile Include="GameState.cpp">
      <Filter>Source Files\GameState</Filter>
    </ClCompile>
    <ClCompile Include="MenuState.cpp">
      <Filter>Source Files\GameState</Filter>
    </ClCompile>
    <ClCompile Include="InitState.cpp">
      <Filter>Source Files\GameState</Filter>
    </ClCompile>
    <ClCompile Include="Button.cpp">
      <Filter>Source Files\Effect\Button</Filter>
    </ClCompile>
    <ClCompile Include="MenuButton.cpp">
      <Filter>Source Files\Effect\Button</Filter>
    </ClCompile>
    <ClCompile Include="Game.cpp">
      <Filter>Source Files\Main</Filter>
    </ClCompile>
    <ClCompile Include="Engine.cpp">
      <Filter>Source Files\Main</Filter>
    </ClCompile>
    <ClCompile Include="main.cpp">
      <Filter>Source Files\Main</Filter>
    </ClCompile>
    <ClCompile Include="Logger.cpp">
      <Filter>Source Files\Other</Filter>
    </ClCompile>
    <ClCompile Include="Utility.cpp">
      <Filter>Source Files\Other</Filter>
    </ClCompile>
    <ClCompile Include="Config.cpp">
      <Filter>Source Files\Main</Filter>
    </ClCompile>
    <ClCompile Include="StateManager.cpp">
      <Filter>Source Files\Main</Filter>
    </ClCompile>
    <ClCompile Include="ScriptLine.cpp">
      <Filter>Source Files\Script</Filter>
    </ClCompile>
    <ClCompile Include="NewGameState.cpp">
      <Filter>Source Files\GameState</Filter>
    </ClCompile>
    <ClCompile Include="ScriptManager.cpp">
      <Filter>Source Files\Script</Filter>
    </ClCompile>
    <ClCompile Include="MainState.cpp">
      <Filter>Source Files\GameState</Filter>
    </ClCompile>
    <ClCompile Include="SaveState.cpp">
      <Filter>Source Files\GameState</Filter>
    </ClCompile>
    <ClCompile Include="Global.cpp">
      <Filter>Source Files\Other</Filter>
    </ClCompile>
    <ClCompile Include="SettingsState.cpp">
      <Filter>Source Files\GameState</Filter>
    </ClCompile>
    <ClCompile Include="Slider.cpp">
      <Filter>Source Files\Effect</Filter>
    </ClCompile>
    <ClCompile Include="ExitState.cpp">
      <Filter>Source Files\GameState</Filter>
    </ClCompile>
    <ClCompile Include="Fade.cpp">
      <Filter>Source Files\Effect\Fade</Filter>
    </ClCompile>
    <ClCompile Include="FadeColor.cpp">
      <Filter>Source Files\Effect\Fade</Filter>
    </ClCompile>
    <ClCompile Include="LoadState.cpp">
      <Filter>Source Files\GameState</Filter>
    </ClCompile>
    <ClCompile Include="ShowCommand.cpp">
      <Filter>Source Files\Script\ScriptCommands</Filter>
    </ClCompile>
    <ClCompile Include="DisplayCommand.cpp">
      <Filter>Source Files\Script\ScriptCommands</Filter>
    </ClCompile>
    <ClCompile Include="SetCommand.cpp">
      <Filter>Source Files\Script\ScriptCommands</Filter>
    </ClCompile>
    <ClCompile Include="MoveCommand.cpp">
      <Filter>Source Files\Script\ScriptCommands</Filter>
    </ClCompile>
    <ClCompile Include="RotateCommand.cpp">
      <Filter>Source Files\Script\ScriptCommands</Filter>
    </ClCompile>
    <ClCompile Include="ZoomCommand.cpp">
      <Filter>Source Files\Script\ScriptCommands</Filter>
    </ClCompile>
    <ClCompile Include="PlayCommand.cpp">
      <Filter>Source Files\Script\ScriptCommands</Filter>
    </ClCompile>
    <ClCompile Include="StopCommand.cpp">
      <Filter>Source Files\Script\ScriptCommands</Filter>
    </ClCompile>
    <ClCompile Include="ItemImage.cpp">
      <Filter>Source Files\Script\ItemImage</Filter>
    </ClCompile>
    <ClCompile Include="TextboxImage.cpp">
      <Filter>Source Files\Script\ItemImage</Filter>
    </ClCompile>
    <ClCompile Include="PauseCommand.cpp">
      <Filter>Source Files\Script\ScriptCommands</Filter>
    </ClCompile>
    <ClCompile Include="ResumeCommand.cpp">
      <Filter>Source Files\Script\ScriptCommands</Filter>
    </ClCompile>
    <ClCompile Include="RemoveCommand.cpp">
      <Filter>Source Files\Script\ScriptCommands</Filter>
    </ClCompile>
    <ClCompile Include="ClearCommand.cpp">
      <Filter>Source Files\Script\ScriptCommands</Filter>
    </ClCompile>
  </ItemGroup>
  <ItemGroup>
    <ClInclude Include="GameState.h">
      <Filter>Header Files\GameState</Filter>
    </ClInclude>
    <ClInclude Include="MenuState.h">
      <Filter>Header Files\GameState</Filter>
    </ClInclude>
    <ClInclude Include="InitState.h">
      <Filter>Header Files\GameState</Filter>
    </ClInclude>
    <ClInclude Include="Effect.hpp">
      <Filter>Header Files\Effect</Filter>
    </ClInclude>
    <ClInclude Include="MenuButton.h">
      <Filter>Header Files\Effect\Button</Filter>
    </ClInclude>
    <ClInclude Include="Button.h">
      <Filter>Header Files\Effect\Button</Filter>
    </ClInclude>
    <ClInclude Include="StateManager.h">
      <Filter>Header Files\Main</Filter>
    </ClInclude>
    <ClInclude Include="Engine.h">
      <Filter>Header Files\Main</Filter>
    </ClInclude>
    <ClInclude Include="Game.h">
      <Filter>Header Files\Main</Filter>
    </ClInclude>
    <ClInclude Include="Config.h">
      <Filter>Header Files\Main</Filter>
    </ClInclude>
    <ClInclude Include="Logger.h">
      <Filter>Header Files\Other</Filter>
    </ClInclude>
    <ClInclude Include="Utility.h">
      <Filter>Header Files\Other</Filter>
    </ClInclude>
    <ClInclude Include="ScriptLine.h">
      <Filter>Header Files\Script</Filter>
    </ClInclude>
    <ClInclude Include="NewGameState.h">
      <Filter>Header Files\GameState</Filter>
    </ClInclude>
    <ClInclude Include="ScriptManager.h">
      <Filter>Header Files\Script</Filter>
    </ClInclude>
    <ClInclude Include="MainState.h">
      <Filter>Header Files\GameState</Filter>
    </ClInclude>
    <ClInclude Include="SaveState.h">
      <Filter>Header Files\GameState</Filter>
    </ClInclude>
    <ClInclude Include="Slider.h">
      <Filter>Header Files\Effect</Filter>
    </ClInclude>
    <ClInclude Include="ExitState.h">
      <Filter>Header Files\GameState</Filter>
    </ClInclude>
    <ClInclude Include="Global.h">
      <Filter>Header Files\Other</Filter>
    </ClInclude>
    <ClInclude Include="SettingsState.h">
      <Filter>Header Files\GameState</Filter>
    </ClInclude>
    <ClInclude Include="Fade.h">
      <Filter>Header Files\Effect\Fade</Filter>
    </ClInclude>
    <ClInclude Include="FadeColor.h">
      <Filter>Header Files\Effect\Fade</Filter>
    </ClInclude>
    <ClInclude Include="LoadState.h">
      <Filter>Header Files\GameState</Filter>
    </ClInclude>
    <ClInclude Include="ScriptCommand.h">
      <Filter>Header Files\Script\ScriptCommands</Filter>
    </ClInclude>
    <ClInclude Include="ShowCommand.h">
      <Filter>Header Files\Script\ScriptCommands</Filter>
    </ClInclude>
    <ClInclude Include="DisplayCommand.h">
      <Filter>Header Files\Script\ScriptCommands</Filter>
    </ClInclude>
    <ClInclude Include="SetCommand.h">
      <Filter>Header Files\Script\ScriptCommands</Filter>
    </ClInclude>
    <ClInclude Include="MoveCommand.h">
      <Filter>Header Files\Script\ScriptCommands</Filter>
    </ClInclude>
    <ClInclude Include="RotateCommand.h">
      <Filter>Header Files\Script\ScriptCommands</Filter>
    </ClInclude>
    <ClInclude Include="ZoomCommand.h">
      <Filter>Header Files\Script\ScriptCommands</Filter>
    </ClInclude>
    <ClInclude Include="PlayCommand.h">
      <Filter>Header Files\Script\ScriptCommands</Filter>
    </ClInclude>
    <ClInclude Include="StopCommand.h">
      <Filter>Header Files\Script\ScriptCommands</Filter>
    </ClInclude>
    <ClInclude Include="ItemImage.h">
      <Filter>Header Files\Script\ItemImage</Filter>
    </ClInclude>
    <ClInclude Include="CharacterImage.h">
      <Filter>Header Files\Script\ItemImage</Filter>
    </ClInclude>
    <ClInclude Include="BackgroundImage.h">
      <Filter>Header Files\Script\ItemImage</Filter>
    </ClInclude>
    <ClInclude Include="TextboxImage.h">
      <Filter>Header Files\Script\ItemImage</Filter>
    </ClInclude>
    <ClInclude Include="PauseCommand.h">
      <Filter>Header Files\Script\ScriptCommands</Filter>
    </ClInclude>
    <ClInclude Include="ResumeCommand.h">
      <Filter>Header Files\Script\ScriptCommands</Filter>
    </ClInclude>
    <ClInclude Include="RemoveCommand.h">
      <Filter>Header Files\Script\ScriptCommands</Filter>
    </ClInclude>
    <ClInclude Include="ClearCommand.h">
      <Filter>Header Files\Script\ScriptCommands</Filter>
    </ClInclude>
  </ItemGroup>
</Project>